
Microsoft Visual Studio Solution File, Format Version 12.00
# Visual Studio Version 17
VisualStudioVersion = 17.13.35913.81 d17.13
MinimumVisualStudioVersion = 10.0.40219.1
Project("{FAE04EC0-301F-11D3-BF4B-00C04F79EFBC}") = "WTFCalculator", "WTFCalculator\WTFCalculator.csproj", "{A5E91930-6149-4AAD-83B5-A8088A48FAAC}"
EndProject
Global
	GlobalSection(SolutionConfigurationPlatforms) = preSolution
		Debug|Any CPU = Debug|Any CPU
		Release|Any CPU = Release|Any CPU
	EndGlobalSection
	GlobalSection(ProjectConfigurationPlatforms) = postSolution
		{A5E91930-6149-4AAD-83B5-A8088A48FAAC}.Debug|Any CPU.ActiveCfg = Debug|Any CPU
		{A5E91930-6149-4AAD-83B5-A8088A48FAAC}.Debug|Any CPU.Build.0 = Debug|Any CPU
		{A5E91930-6149-4AAD-83B5-A8088A48FAAC}.Release|Any CPU.ActiveCfg = Release|Any CPU
		{A5E91930-6149-4AAD-83B5-A8088A48FAAC}.Release|Any CPU.Build.0 = Release|Any CPU
	EndGlobalSection
	GlobalSection(SolutionProperties) = preSolution
		HideSolutionNode = FALSE
	EndGlobalSection
	GlobalSection(ExtensibilityGlobals) = postSolution
		SolutionGuid = {19ADF10F-1911-4415-921C-2764D658B1ED}
	EndGlobalSection
EndGlobal
